PODS:
  - Kingfisher (3.2.2)
  - Masonry (1.0.2)
  - MJExtension (3.0.13)
  - Reveal-iOS-SDK (1.6.2)
  - VTMagic (1.2.4):
    - VTMagic/Core (= 1.2.4)
  - VTMagic/Core (1.2.4)

DEPENDENCIES:
  - Kingfisher
  - Masonry
  - MJExtension
  - Reveal-iOS-SDK
  - VTMagic

SPEC CHECKSUMS:
  Kingfisher: 821466474ad7ffc375a4aecadfa05068cfed67b3
  Masonry: 7c429b56da9d4ee0bbb3ed77a5ea710d6a5df39e
  MJExtension: 5932755f451458eefa24239358817f8d291240c7
  Reveal-iOS-SDK: e2250b3c155bcfac53ae223ddc1f76d08f206c33
  VTMagic: b49e5f456dbcbfd9a3588ba92417233a105bc193

PODFILE CHECKSUM: b95ece9fa8adf76079f0f00fd0f524382e7476eb

COCOAPODS: 1.0.0
