// !$*UTF8*$!
{
	archiveVersion = 1;
	classes = {
	};
	objectVersion = 46;
	objects = {

/* Begin PBXBuildFile section */
		18009B721EC9944A0003B929 /* ServiceClassHandle.swift in Sources */ = {isa = PBXBuildFile; fileRef = 18009B711EC9944A0003B929 /* ServiceClassHandle.swift */; };
		18009B751EC99E840003B929 /* serviceClass.json in Resources */ = {isa = PBXBuildFile; fileRef = 18009B741EC99E840003B929 /* serviceClass.json */; };
		18009B7B1EC9AD680003B929 /* ServiceClassModel.swift in Sources */ = {isa = PBXBuildFile; fileRef = 18009B791EC9AD680003B929 /* ServiceClassModel.swift */; };
		18009B7D1EC9AD830003B929 /* GoodsViewController.swift in Sources */ = {isa = PBXBuildFile; fileRef = 18009B7C1EC9AD830003B929 /* GoodsViewController.swift */; };
		180EBE9D1F0C8D650069854C /* OrderViewController.swift in Sources */ = {isa = PBXBuildFile; fileRef = 180EBE9C1F0C8D650069854C /* OrderViewController.swift */; };
		180EBEA11F0C98190069854C /* OrderCell.swift in Sources */ = {isa = PBXBuildFile; fileRef = 180EBEA01F0C98190069854C /* OrderCell.swift */; };
		18130F2C1ECACCF300A525A0 /* GoodsCell.swift in Sources */ = {isa = PBXBuildFile; fileRef = 18130F2B1ECACCF300A525A0 /* GoodsCell.swift */; };
		18130F311ECAD04400A525A0 /* CustomCell.swift in Sources */ = {isa = PBXBuildFile; fileRef = 18130F301ECAD04400A525A0 /* CustomCell.swift */; };
		18130F331ECAD55C00A525A0 /* Tools.swift in Sources */ = {isa = PBXBuildFile; fileRef = 18130F321ECAD55C00A525A0 /* Tools.swift */; };
		18304A461ECD9A8E00B73F57 /* ServiceModuleView.swift in Sources */ = {isa = PBXBuildFile; fileRef = 18304A451ECD9A8E00B73F57 /* ServiceModuleView.swift */; };
		18304A4A1ECD9D0F00B73F57 /* ModuleCell.swift in Sources */ = {isa = PBXBuildFile; fileRef = 18304A491ECD9D0F00B73F57 /* ModuleCell.swift */; };
		1837B6871ECEA53400FF4455 /* DCURLNavgation.m in Sources */ = {isa = PBXBuildFile; fileRef = 1837B6811ECEA53400FF4455 /* DCURLNavgation.m */; };
		1837B6881ECEA53400FF4455 /* DCURLRouter.m in Sources */ = {isa = PBXBuildFile; fileRef = 1837B6831ECEA53400FF4455 /* DCURLRouter.m */; };
		1837B6891ECEA53400FF4455 /* DCURLRouter.plist in Resources */ = {isa = PBXBuildFile; fileRef = 1837B6841ECEA53400FF4455 /* DCURLRouter.plist */; };
		1837B68A1ECEA53400FF4455 /* UIViewController+DCURLRouter.m in Sources */ = {isa = PBXBuildFile; fileRef = 1837B6861ECEA53400FF4455 /* UIViewController+DCURLRouter.m */; };
		1837B68C1ECEBF1200FF4455 /* AppDelegate+AppLifeCircle.swift in Sources */ = {isa = PBXBuildFile; fileRef = 1837B68B1ECEBF1200FF4455 /* AppDelegate+AppLifeCircle.swift */; };
		1837B68E1ECEBF4400FF4455 /* AppDelegate+AppService.swift in Sources */ = {isa = PBXBuildFile; fileRef = 1837B68D1ECEBF4400FF4455 /* AppDelegate+AppService.swift */; };
		1837B6901ECEBF5500FF4455 /* AppDelegate+RootController.swift in Sources */ = {isa = PBXBuildFile; fileRef = 1837B68F1ECEBF5500FF4455 /* AppDelegate+RootController.swift */; };
		1837B6921ECECB0E00FF4455 /* AccountView.swift in Sources */ = {isa = PBXBuildFile; fileRef = 1837B6911ECECB0E00FF4455 /* AccountView.swift */; };
		1837B69C1ECED8A400FF4455 /* AloneInfoViewController.swift in Sources */ = {isa = PBXBuildFile; fileRef = 1837B69B1ECED8A400FF4455 /* AloneInfoViewController.swift */; };
		1837B69E1ECED8B000FF4455 /* AloneInfoView.swift in Sources */ = {isa = PBXBuildFile; fileRef = 1837B69D1ECED8B000FF4455 /* AloneInfoView.swift */; };
		1837B6A01ECEDC4C00FF4455 /* SetUpViewController.swift in Sources */ = {isa = PBXBuildFile; fileRef = 1837B69F1ECEDC4C00FF4455 /* SetUpViewController.swift */; };
		1837B6A21ECEDC5500FF4455 /* SetUpView.swift in Sources */ = {isa = PBXBuildFile; fileRef = 1837B6A11ECEDC5500FF4455 /* SetUpView.swift */; };
		1837B6A41ECEEB8900FF4455 /* NewsCell.swift in Sources */ = {isa = PBXBuildFile; fileRef = 1837B6A31ECEEB8900FF4455 /* NewsCell.swift */; };
		1839C85E1EAD9C9400E8B1FF /* HomeView.swift in Sources */ = {isa = PBXBuildFile; fileRef = 1839C85D1EAD9C9400E8B1FF /* HomeView.swift */; };
		1839C8671EADC9B200E8B1FF /* BannerView.swift in Sources */ = {isa = PBXBuildFile; fileRef = 1839C8661EADC9B200E8B1FF /* BannerView.swift */; };
		1839C8721EADDD0D00E8B1FF /* LLCycleScrollView.swift in Sources */ = {isa = PBXBuildFile; fileRef = 1839C86C1EADDD0D00E8B1FF /* LLCycleScrollView.swift */; };
		1839C8731EADDD0D00E8B1FF /* LLCycleScrollViewCell.swift in Sources */ = {isa = PBXBuildFile; fileRef = 1839C86D1EADDD0D00E8B1FF /* LLCycleScrollViewCell.swift */; };
		1839C8741EADDD0D00E8B1FF /* LLFilledPageControl.swift in Sources */ = {isa = PBXBuildFile; fileRef = 1839C86E1EADDD0D00E8B1FF /* LLFilledPageControl.swift */; };
		1839C8751EADDD0D00E8B1FF /* LLPillPageControl.swift in Sources */ = {isa = PBXBuildFile; fileRef = 1839C86F1EADDD0D00E8B1FF /* LLPillPageControl.swift */; };
		1839C8761EADDD0D00E8B1FF /* LLSnakePageControl.swift in Sources */ = {isa = PBXBuildFile; fileRef = 1839C8701EADDD0D00E8B1FF /* LLSnakePageControl.swift */; };
		1839C8771EADDD0D00E8B1FF /* LLViewExtensions.swift in Sources */ = {isa = PBXBuildFile; fileRef = 1839C8711EADDD0D00E8B1FF /* LLViewExtensions.swift */; };
		1839C8791EADDE1F00E8B1FF /* ScrollBottomView.swift in Sources */ = {isa = PBXBuildFile; fileRef = 1839C8781EADDE1F00E8B1FF /* ScrollBottomView.swift */; };
		1839C87F1EADE58B00E8B1FF /* AccountViewController.swift in Sources */ = {isa = PBXBuildFile; fileRef = 1839C87E1EADE58B00E8B1FF /* AccountViewController.swift */; };
		1839C8851EADFBD100E8B1FF /* userList.json in Resources */ = {isa = PBXBuildFile; fileRef = 1839C8841EADFBD100E8B1FF /* userList.json */; };
		18C714C51EA9FE260054877F /* ModuleView.swift in Sources */ = {isa = PBXBuildFile; fileRef = 18C714C41EA9FE260054877F /* ModuleView.swift */; };
		18CC1FDC1EA8AF7D00FC2B54 /* LaunchScreen.storyboard in Resources */ = {isa = PBXBuildFile; fileRef = 18CC1FDA1EA8AF7D00FC2B54 /* LaunchScreen.storyboard */; };
		18CC1FE71EA8AF7D00FC2B54 /* LoveCarArtisanTests.swift in Sources */ = {isa = PBXBuildFile; fileRef = 18CC1FE61EA8AF7D00FC2B54 /* LoveCarArtisanTests.swift */; };
		18CC1FF21EA8AF7D00FC2B54 /* LoveCarArtisanUITests.swift in Sources */ = {isa = PBXBuildFile; fileRef = 18CC1FF11EA8AF7D00FC2B54 /* LoveCarArtisanUITests.swift */; };
		18CC201B1EA8B05A00FC2B54 /* UIColor+Extension.swift in Sources */ = {isa = PBXBuildFile; fileRef = 18CC20001EA8B05A00FC2B54 /* UIColor+Extension.swift */; };
		18CC201C1EA8B05A00FC2B54 /* HomeViewController.swift in Sources */ = {isa = PBXBuildFile; fileRef = 18CC20041EA8B05A00FC2B54 /* HomeViewController.swift */; };
		18CC201D1EA8B05A00FC2B54 /* ShowDataView.swift in Sources */ = {isa = PBXBuildFile; fileRef = 18CC20071EA8B05A00FC2B54 /* ShowDataView.swift */; };
		18CC201E1EA8B05A00FC2B54 /* NewsViewController.swift in Sources */ = {isa = PBXBuildFile; fileRef = 18CC200A1EA8B05A00FC2B54 /* NewsViewController.swift */; };
		18CC201F1EA8B05A00FC2B54 /* UserViewController.swift in Sources */ = {isa = PBXBuildFile; fileRef = 18CC200F1EA8B05A00FC2B54 /* UserViewController.swift */; };
		18CC20201EA8B05A00FC2B54 /* AppDelegate.swift in Sources */ = {isa = PBXBuildFile; fileRef = 18CC20131EA8B05A00FC2B54 /* AppDelegate.swift */; };
		18CC20211EA8B05A00FC2B54 /* Assets.xcassets in Resources */ = {isa = PBXBuildFile; fileRef = 18CC20151EA8B05A00FC2B54 /* Assets.xcassets */; };
		18CC20221EA8B05A00FC2B54 /* NavigationViewController.swift in Sources */ = {isa = PBXBuildFile; fileRef = 18CC20181EA8B05A00FC2B54 /* NavigationViewController.swift */; };
		18CC20231EA8B05A00FC2B54 /* RootViewController.swift in Sources */ = {isa = PBXBuildFile; fileRef = 18CC20191EA8B05A00FC2B54 /* RootViewController.swift */; };
		18CC20241EA8B05A00FC2B54 /* TabBarViewController.swift in Sources */ = {isa = PBXBuildFile; fileRef = 18CC201A1EA8B05A00FC2B54 /* TabBarViewController.swift */; };
		18D5955E1ECE8EAB003F7853 /* ServiceModuleModel.swift in Sources */ = {isa = PBXBuildFile; fileRef = 18D5955D1ECE8EAA003F7853 /* ServiceModuleModel.swift */; };
		18D595601ECE9007003F7853 /* ServiceModule.json in Resources */ = {isa = PBXBuildFile; fileRef = 18D5955F1ECE9007003F7853 /* ServiceModule.json */; };
		18DF12C71EC04AD70070302D /* UserModel.swift in Sources */ = {isa = PBXBuildFile; fileRef = 18DF12C41EC04AD70070302D /* UserModel.swift */; };
		18DF12C81EC04AD70070302D /* UserTableCell.swift in Sources */ = {isa = PBXBuildFile; fileRef = 18DF12C61EC04AD70070302D /* UserTableCell.swift */; };
		18DF12CC1EC04E590070302D /* ServiceViewController.swift in Sources */ = {isa = PBXBuildFile; fileRef = 18DF12CB1EC04E590070302D /* ServiceViewController.swift */; };
		F17E28FFA8C1BFE61EEF27FF /* Pods_LoveCarArtisan.framework in Frameworks */ = {isa = PBXBuildFile; fileRef = 16907CC78DE63FD532C656B7 /* Pods_LoveCarArtisan.framework */; };
/* End PBXBuildFile section */

/* Begin PBXContainerItemProxy section */
		18CC1FE31EA8AF7D00FC2B54 /* PBXContainerItemProxy */ = {
			isa = PBXContainerItemProxy;
			containerPortal = 18CC1FC61EA8AF7D00FC2B54 /* Project object */;
			proxyType = 1;
			remoteGlobalIDString = 18CC1FCD1EA8AF7D00FC2B54;
			remoteInfo = LoveCarArtisan;
		};
		18CC1FEE1EA8AF7D00FC2B54 /* PBXContainerItemProxy */ = {
			isa = PBXContainerItemProxy;
			containerPortal = 18CC1FC61EA8AF7D00FC2B54 /* Project object */;
			proxyType = 1;
			remoteGlobalIDString = 18CC1FCD1EA8AF7D00FC2B54;
			remoteInfo = LoveCarArtisan;
		};
/* End PBXContainerItemProxy section */

/* Begin PBXFileReference section */
		16907CC78DE63FD532C656B7 /* Pods_LoveCarArtisan.framework */ = {isa = PBXFileReference; explicitFileType = wrapper.framework; includeInIndex = 0; path = Pods_LoveCarArtisan.framework; sourceTree = BUILT_PRODUCTS_DIR; };
		18009B711EC9944A0003B929 /* ServiceClassHandle.swift */ = {isa = PBXFileReference; fileEncoding = 4; lastKnownFileType = sourcecode.swift; path = ServiceClassHandle.swift; sourceTree = "<group>"; };
		18009B741EC99E840003B929 /* serviceClass.json */ = {isa = PBXFileReference; fileEncoding = 4; lastKnownFileType = text.json; path = serviceClass.json; sourceTree = "<group>"; };
		18009B791EC9AD680003B929 /* ServiceClassModel.swift */ = {isa = PBXFileReference; fileEncoding = 4; lastKnownFileType = sourcecode.swift; path = ServiceClassModel.swift; sourceTree = "<group>"; };
		18009B7C1EC9AD830003B929 /* GoodsViewController.swift */ = {isa = PBXFileReference; fileEncoding = 4; lastKnownFileType = sourcecode.swift; path = GoodsViewController.swift; sourceTree = "<group>"; };
		180EBE9C1F0C8D650069854C /* OrderViewController.swift */ = {isa = PBXFileReference; fileEncoding = 4; lastKnownFileType = sourcecode.swift; path = OrderViewController.swift; sourceTree = "<group>"; };
		180EBEA01F0C98190069854C /* OrderCell.swift */ = {isa = PBXFileReference; fileEncoding = 4; lastKnownFileType = sourcecode.swift; path = OrderCell.swift; sourceTree = "<group>"; };
		18130F2B1ECACCF300A525A0 /* GoodsCell.swift */ = {isa = PBXFileReference; fileEncoding = 4; lastKnownFileType = sourcecode.swift; path = GoodsCell.swift; sourceTree = "<group>"; };
		18130F301ECAD04400A525A0 /* CustomCell.swift */ = {isa = PBXFileReference; fileEncoding = 4; lastKnownFileType = sourcecode.swift; path = CustomCell.swift; sourceTree = "<group>"; };
		18130F321ECAD55C00A525A0 /* Tools.swift */ = {isa = PBXFileReference; fileEncoding = 4; lastKnownFileType = sourcecode.swift; path = Tools.swift; sourceTree = "<group>"; };
		18304A451ECD9A8E00B73F57 /* ServiceModuleView.swift */ = {isa = PBXFileReference; fileEncoding = 4; lastKnownFileType = sourcecode.swift; path = ServiceModuleView.swift; sourceTree = "<group>"; };
		18304A491ECD9D0F00B73F57 /* ModuleCell.swift */ = {isa = PBXFileReference; fileEncoding = 4; lastKnownFileType = sourcecode.swift; path = ModuleCell.swift; sourceTree = "<group>"; };
		1837B67F1ECEA53400FF4455 /* DCSingleton.h */ = {isa = PBXFileReference; fileEncoding = 4; lastKnownFileType = sourcecode.c.h; path = DCSingleton.h; sourceTree = "<group>"; };
		1837B6801ECEA53400FF4455 /* DCURLNavgation.h */ = {isa = PBXFileReference; fileEncoding = 4; lastKnownFileType = sourcecode.c.h; path = DCURLNavgation.h; sourceTree = "<group>"; };
		1837B6811ECEA53400FF4455 /* DCURLNavgation.m */ = {isa = PBXFileReference; fileEncoding = 4; lastKnownFileType = sourcecode.c.objc; path = DCURLNavgation.m; sourceTree = "<group>"; };
		1837B6821ECEA53400FF4455 /* DCURLRouter.h */ = {isa = PBXFileReference; fileEncoding = 4; lastKnownFileType = sourcecode.c.h; path = DCURLRouter.h; sourceTree = "<group>"; };
		1837B6831ECEA53400FF4455 /* DCURLRouter.m */ = {isa = PBXFileReference; fileEncoding = 4; lastKnownFileType = sourcecode.c.objc; path = DCURLRouter.m; sourceTree = "<group>"; };
		1837B6841ECEA53400FF4455 /* DCURLRouter.plist */ = {isa = PBXFileReference; fileEncoding = 4; lastKnownFileType = text.plist.xml; path = DCURLRouter.plist; sourceTree = "<group>"; };
		1837B6851ECEA53400FF4455 /* UIViewController+DCURLRouter.h */ = {isa = PBXFileReference; fileEncoding = 4; lastKnownFileType = sourcecode.c.h; path = "UIViewController+DCURLRouter.h"; sourceTree = "<group>"; };
		1837B6861ECEA53400FF4455 /* UIViewController+DCURLRouter.m */ = {isa = PBXFileReference; fileEncoding = 4; lastKnownFileType = sourcecode.c.objc; path = "UIViewController+DCURLRouter.m"; sourceTree = "<group>"; };
		1837B68B1ECEBF1200FF4455 /* AppDelegate+AppLifeCircle.swift */ = {isa = PBXFileReference; fileEncoding = 4; lastKnownFileType = sourcecode.swift; path = "AppDelegate+AppLifeCircle.swift"; sourceTree = "<group>"; };
		1837B68D1ECEBF4400FF4455 /* AppDelegate+AppService.swift */ = {isa = PBXFileReference; fileEncoding = 4; lastKnownFileType = sourcecode.swift; path = "AppDelegate+AppService.swift"; sourceTree = "<group>"; };
		1837B68F1ECEBF5500FF4455 /* AppDelegate+RootController.swift */ = {isa = PBXFileReference; fileEncoding = 4; lastKnownFileType = sourcecode.swift; path = "AppDelegate+RootController.swift"; sourceTree = "<group>"; };
		1837B6911ECECB0E00FF4455 /* AccountView.swift */ = {isa = PBXFileReference; fileEncoding = 4; lastKnownFileType = sourcecode.swift; path = AccountView.swift; sourceTree = "<group>"; };
		1837B69B1ECED8A400FF4455 /* AloneInfoViewController.swift */ = {isa = PBXFileReference; fileEncoding = 4; lastKnownFileType = sourcecode.swift; path = AloneInfoViewController.swift; sourceTree = "<group>"; };
		1837B69D1ECED8B000FF4455 /* AloneInfoView.swift */ = {isa = PBXFileReference; fileEncoding = 4; lastKnownFileType = sourcecode.swift; path = AloneInfoView.swift; sourceTree = "<group>"; };
		1837B69F1ECEDC4C00FF4455 /* SetUpViewController.swift */ = {isa = PBXFileReference; fileEncoding = 4; lastKnownFileType = sourcecode.swift; path = SetUpViewController.swift; sourceTree = "<group>"; };
		1837B6A11ECEDC5500FF4455 /* SetUpView.swift */ = {isa = PBXFileReference; fileEncoding = 4; lastKnownFileType = sourcecode.swift; path = SetUpView.swift; sourceTree = "<group>"; };
		1837B6A31ECEEB8900FF4455 /* NewsCell.swift */ = {isa = PBXFileReference; fileEncoding = 4; lastKnownFileType = sourcecode.swift; name = NewsCell.swift; path = "LoveCarArtisan/Class/Account(账户)/SetUp(设置)/View/NewsCell.swift"; sourceTree = SOURCE_ROOT; };
		1839C85D1EAD9C9400E8B1FF /* HomeView.swift */ = {isa = PBXFileReference; fileEncoding = 4; lastKnownFileType = sourcecode.swift; path = HomeView.swift; sourceTree = "<group>"; };
		1839C8661EADC9B200E8B1FF /* BannerView.swift */ = {isa = PBXFileReference; fileEncoding = 4; lastKnownFileType = sourcecode.swift; path = BannerView.swift; sourceTree = "<group>"; };
		1839C86C1EADDD0D00E8B1FF /* LLCycleScrollView.swift */ = {isa = PBXFileReference; fileEncoding = 4; lastKnownFileType = sourcecode.swift; path = LLCycleScrollView.swift; sourceTree = "<group>"; };
		1839C86D1EADDD0D00E8B1FF /* LLCycleScrollViewCell.swift */ = {isa = PBXFileReference; fileEncoding = 4; lastKnownFileType = sourcecode.swift; path = LLCycleScrollViewCell.swift; sourceTree = "<group>"; };
		1839C86E1EADDD0D00E8B1FF /* LLFilledPageControl.swift */ = {isa = PBXFileReference; fileEncoding = 4; lastKnownFileType = sourcecode.swift; path = LLFilledPageControl.swift; sourceTree = "<group>"; };
		1839C86F1EADDD0D00E8B1FF /* LLPillPageControl.swift */ = {isa = PBXFileReference; fileEncoding = 4; lastKnownFileType = sourcecode.swift; path = LLPillPageControl.swift; sourceTree = "<group>"; };
		1839C8701EADDD0D00E8B1FF /* LLSnakePageControl.swift */ = {isa = PBXFileReference; fileEncoding = 4; lastKnownFileType = sourcecode.swift; path = LLSnakePageControl.swift; sourceTree = "<group>"; };
		1839C8711EADDD0D00E8B1FF /* LLViewExtensions.swift */ = {isa = PBXFileReference; fileEncoding = 4; lastKnownFileType = sourcecode.swift; path = LLViewExtensions.swift; sourceTree = "<group>"; };
		1839C8781EADDE1F00E8B1FF /* ScrollBottomView.swift */ = {isa = PBXFileReference; fileEncoding = 4; lastKnownFileType = sourcecode.swift; path = ScrollBottomView.swift; sourceTree = "<group>"; };
		1839C87E1EADE58B00E8B1FF /* AccountViewController.swift */ = {isa = PBXFileReference; fileEncoding = 4; lastKnownFileType = sourcecode.swift; path = AccountViewController.swift; sourceTree = "<group>"; };
		1839C8841EADFBD100E8B1FF /* userList.json */ = {isa = PBXFileReference; fileEncoding = 4; lastKnownFileType = text.json; path = userList.json; sourceTree = "<group>"; };
		18C714C41EA9FE260054877F /* ModuleView.swift */ = {isa = PBXFileReference; fileEncoding = 4; lastKnownFileType = sourcecode.swift; path = ModuleView.swift; sourceTree = "<group>"; };
		18CC1FCE1EA8AF7D00FC2B54 /* LoveCarArtisan.app */ = {isa = PBXFileReference; explicitFileType = wrapper.application; includeInIndex = 0; path = LoveCarArtisan.app; sourceTree = BUILT_PRODUCTS_DIR; };
		18CC1FDB1EA8AF7D00FC2B54 /* Base */ = {isa = PBXFileReference; lastKnownFileType = file.storyboard; name = Base; path = Base.lproj/LaunchScreen.storyboard; sourceTree = "<group>"; };
		18CC1FDD1EA8AF7D00FC2B54 /* Info.plist */ = {isa = PBXFileReference; lastKnownFileType = text.plist.xml; path = Info.plist; sourceTree = "<group>"; };
		18CC1FE21EA8AF7D00FC2B54 /* LoveCarArtisanTests.xctest */ = {isa = PBXFileReference; explicitFileType = wrapper.cfbundle; includeInIndex = 0; path = LoveCarArtisanTests.xctest; sourceTree = BUILT_PRODUCTS_DIR; };
		18CC1FE61EA8AF7D00FC2B54 /* LoveCarArtisanTests.swift */ = {isa = PBXFileReference; lastKnownFileType = sourcecode.swift; path = LoveCarArtisanTests.swift; sourceTree = "<group>"; };
		18CC1FE81EA8AF7D00FC2B54 /* Info.plist */ = {isa = PBXFileReference; lastKnownFileType = text.plist.xml; path = Info.plist; sourceTree = "<group>"; };
		18CC1FED1EA8AF7D00FC2B54 /* LoveCarArtisanUITests.xctest */ = {isa = PBXFileReference; explicitFileType = wrapper.cfbundle; includeInIndex = 0; path = LoveCarArtisanUITests.xctest; sourceTree = BUILT_PRODUCTS_DIR; };
		18CC1FF11EA8AF7D00FC2B54 /* LoveCarArtisanUITests.swift */ = {isa = PBXFileReference; lastKnownFileType = sourcecode.swift; path = LoveCarArtisanUITests.swift; sourceTree = "<group>"; };
		18CC1FF31EA8AF7D00FC2B54 /* Info.plist */ = {isa = PBXFileReference; lastKnownFileType = text.plist.xml; path = Info.plist; sourceTree = "<group>"; };
		18CC20001EA8B05A00FC2B54 /* UIColor+Extension.swift */ = {isa = PBXFileReference; fileEncoding = 4; lastKnownFileType = sourcecode.swift; path = "UIColor+Extension.swift"; sourceTree = "<group>"; };
		18CC20041EA8B05A00FC2B54 /* HomeViewController.swift */ = {isa = PBXFileReference; fileEncoding = 4; lastKnownFileType = sourcecode.swift; path = HomeViewController.swift; sourceTree = "<group>"; };
		18CC20071EA8B05A00FC2B54 /* ShowDataView.swift */ = {isa = PBXFileReference; fileEncoding = 4; lastKnownFileType = sourcecode.swift; path = ShowDataView.swift; sourceTree = "<group>"; };
		18CC200A1EA8B05A00FC2B54 /* NewsViewController.swift */ = {isa = PBXFileReference; fileEncoding = 4; lastKnownFileType = sourcecode.swift; path = NewsViewController.swift; sourceTree = "<group>"; };
		18CC200F1EA8B05A00FC2B54 /* UserViewController.swift */ = {isa = PBXFileReference; fileEncoding = 4; lastKnownFileType = sourcecode.swift; path = UserViewController.swift; sourceTree = "<group>"; };
		18CC20131EA8B05A00FC2B54 /* AppDelegate.swift */ = {isa = PBXFileReference; fileEncoding = 4; lastKnownFileType = sourcecode.swift; path = AppDelegate.swift; sourceTree = "<group>"; };
		18CC20151EA8B05A00FC2B54 /* Assets.xcassets */ = {isa = PBXFileReference; lastKnownFileType = folder.assetcatalog; path = Assets.xcassets; sourceTree = "<group>"; };
		18CC20181EA8B05A00FC2B54 /* NavigationViewController.swift */ = {isa = PBXFileReference; fileEncoding = 4; lastKnownFileType = sourcecode.swift; path = NavigationViewController.swift; sourceTree = "<group>"; };
		18CC20191EA8B05A00FC2B54 /* RootViewController.swift */ = {isa = PBXFileReference; fileEncoding = 4; lastKnownFileType = sourcecode.swift; path = RootViewController.swift; sourceTree = "<group>"; };
		18CC201A1EA8B05A00FC2B54 /* TabBarViewController.swift */ = {isa = PBXFileReference; fileEncoding = 4; lastKnownFileType = sourcecode.swift; path = TabBarViewController.swift; sourceTree = "<group>"; };
		18CC20271EA8B26900FC2B54 /* LoveCarArtisan-Bridging-Header.h */ = {isa = PBXFileReference; lastKnownFileType = sourcecode.c.h; path = "LoveCarArtisan-Bridging-Header.h"; sourceTree = "<group>"; };
		18D5955D1ECE8EAA003F7853 /* ServiceModuleModel.swift */ = {isa = PBXFileReference; fileEncoding = 4; lastKnownFileType = sourcecode.swift; name = ServiceModuleModel.swift; path = "LoveCarArtisan/Class/Home(首页)/View/ServiceModuleModel.swift"; sourceTree = SOURCE_ROOT; };
		18D5955F1ECE9007003F7853 /* ServiceModule.json */ = {isa = PBXFileReference; fileEncoding = 4; lastKnownFileType = text.json; path = ServiceModule.json; sourceTree = "<group>"; };
		18DF12C41EC04AD70070302D /* UserModel.swift */ = {isa = PBXFileReference; fileEncoding = 4; lastKnownFileType = sourcecode.swift; path = UserModel.swift; sourceTree = "<group>"; };
		18DF12C61EC04AD70070302D /* UserTableCell.swift */ = {isa = PBXFileReference; fileEncoding = 4; lastKnownFileType = sourcecode.swift; path = UserTableCell.swift; sourceTree = "<group>"; };
		18DF12CB1EC04E590070302D /* ServiceViewController.swift */ = {isa = PBXFileReference; fileEncoding = 4; lastKnownFileType = sourcecode.swift; path = ServiceViewController.swift; sourceTree = "<group>"; };
		40D21842B8116436B8F08963 /* Pods-LoveCarArtisan.release.xcconfig */ = {isa = PBXFileReference; includeInIndex = 1; lastKnownFileType = text.xcconfig; name = "Pods-LoveCarArtisan.release.xcconfig"; path = "Pods/Target Support Files/Pods-LoveCarArtisan/Pods-LoveCarArtisan.release.xcconfig"; sourceTree = "<group>"; };
		A43CDA17E21F0F6BEF42DCB1 /* Pods-LoveCarArtisan.debug.xcconfig */ = {isa = PBXFileReference; includeInIndex = 1; lastKnownFileType = text.xcconfig; name = "Pods-LoveCarArtisan.debug.xcconfig"; path = "Pods/Target Support Files/Pods-LoveCarArtisan/Pods-LoveCarArtisan.debug.xcconfig"; sourceTree = "<group>"; };
/* End PBXFileReference section */

/* Begin PBXFrameworksBuildPhase section */
		18CC1FCB1EA8AF7D00FC2B54 /* Frameworks */ = {
			isa = PBXFrameworksBuildPhase;
			buildActionMask = 2147483647;
			files = (
				F17E28FFA8C1BFE61EEF27FF /* Pods_LoveCarArtisan.framework in Frameworks */,
			);
			runOnlyForDeploymentPostprocessing = 0;
		};
		18CC1FDF1EA8AF7D00FC2B54 /* Frameworks */ = {
			isa = PBXFrameworksBuildPhase;
			buildActionMask = 2147483647;
			files = (
			);
			runOnlyForDeploymentPostprocessing = 0;
		};
		18CC1FEA1EA8AF7D00FC2B54 /* Frameworks */ = {
			isa = PBXFrameworksBuildPhase;
			buildActionMask = 2147483647;
			files = (
			);
			runOnlyForDeploymentPostprocessing = 0;
		};
/* End PBXFrameworksBuildPhase section */

/* Begin PBXGroup section */
		18009B681EC993C90003B929 /* DataHandle */ = {
			isa = PBXGroup;
			children = (
				18009B711EC9944A0003B929 /* ServiceClassHandle.swift */,
			);
			path = DataHandle;
			sourceTree = "<group>";
		};
		18009B731EC99E840003B929 /* service */ = {
			isa = PBXGroup;
			children = (
				18D5955F1ECE9007003F7853 /* ServiceModule.json */,
				18009B741EC99E840003B929 /* serviceClass.json */,
			);
			path = service;
			sourceTree = "<group>";
		};
		18009B761EC9AD680003B929 /* Goods(商品展示) */ = {
			isa = PBXGroup;
			children = (
				18009B771EC9AD680003B929 /* Controller */,
				18009B781EC9AD680003B929 /* Model */,
				18009B7A1EC9AD680003B929 /* View */,
			);
			path = "Goods(商品展示)";
			sourceTree = "<group>";
		};
		18009B771EC9AD680003B929 /* Controller */ = {
			isa = PBXGroup;
			children = (
				18009B7C1EC9AD830003B929 /* GoodsViewController.swift */,
			);
			path = Controller;
			sourceTree = "<group>";
		};
		18009B781EC9AD680003B929 /* Model */ = {
			isa = PBXGroup;
			children = (
				18009B791EC9AD680003B929 /* ServiceClassModel.swift */,
			);
			path = Model;
			sourceTree = "<group>";
		};
		18009B7A1EC9AD680003B929 /* View */ = {
			isa = PBXGroup;
			children = (
				18130F2B1ECACCF300A525A0 /* GoodsCell.swift */,
			);
			path = View;
			sourceTree = "<group>";
		};
		180EBE951F0C7B880069854C /* Order(订单) */ = {
			isa = PBXGroup;
			children = (
				180EBE961F0C7B880069854C /* Controller */,
				180EBE971F0C7B880069854C /* Model */,
				180EBE981F0C7B880069854C /* View */,
			);
			path = "Order(订单)";
			sourceTree = "<group>";
		};
		180EBE961F0C7B880069854C /* Controller */ = {
			isa = PBXGroup;
			children = (
				180EBE9C1F0C8D650069854C /* OrderViewController.swift */,
			);
			path = Controller;
			sourceTree = "<group>";
		};
		180EBE971F0C7B880069854C /* Model */ = {
			isa = PBXGroup;
			children = (
			);
			path = Model;
			sourceTree = "<group>";
		};
		180EBE981F0C7B880069854C /* View */ = {
			isa = PBXGroup;
			children = (
				180EBEA01F0C98190069854C /* OrderCell.swift */,
			);
			path = View;
			sourceTree = "<group>";
		};
		18130F2D1ECAD01400A525A0 /* View */ = {
			isa = PBXGroup;
			children = (
				18130F301ECAD04400A525A0 /* CustomCell.swift */,
			);
			path = View;
			sourceTree = "<group>";
		};
		1837B67E1ECEA53400FF4455 /* DCURLRouter */ = {
			isa = PBXGroup;
			children = (
				1837B67F1ECEA53400FF4455 /* DCSingleton.h */,
				1837B6801ECEA53400FF4455 /* DCURLNavgation.h */,
				1837B6811ECEA53400FF4455 /* DCURLNavgation.m */,
				1837B6821ECEA53400FF4455 /* DCURLRouter.h */,
				1837B6831ECEA53400FF4455 /* DCURLRouter.m */,
				1837B6841ECEA53400FF4455 /* DCURLRouter.plist */,
				1837B6851ECEA53400FF4455 /* UIViewController+DCURLRouter.h */,
				1837B6861ECEA53400FF4455 /* UIViewController+DCURLRouter.m */,
			);
			path = DCURLRouter;
			sourceTree = "<group>";
		};
		1837B6931ECED88300FF4455 /* AloneInfo(个人信息) */ = {
			isa = PBXGroup;
			children = (
				1837B6941ECED88300FF4455 /* Controller */,
				1837B6951ECED88300FF4455 /* Model */,
				1837B6961ECED88300FF4455 /* View */,
			);
			path = "AloneInfo(个人信息)";
			sourceTree = "<group>";
		};
		1837B6941ECED88300FF4455 /* Controller */ = {
			isa = PBXGroup;
			children = (
				1837B69B1ECED8A400FF4455 /* AloneInfoViewController.swift */,
			);
			path = Controller;
			sourceTree = "<group>";
		};
		1837B6951ECED88300FF4455 /* Model */ = {
			isa = PBXGroup;
			children = (
			);
			path = Model;
			sourceTree = "<group>";
		};
		1837B6961ECED88300FF4455 /* View */ = {
			isa = PBXGroup;
			children = (
				1837B69D1ECED8B000FF4455 /* AloneInfoView.swift */,
			);
			path = View;
			sourceTree = "<group>";
		};
		1837B6971ECED88300FF4455 /* SetUp(设置) */ = {
			isa = PBXGroup;
			children = (
				1837B6981ECED88300FF4455 /* Controller */,
				1837B6991ECED88300FF4455 /* Model */,
				1837B69A1ECED88300FF4455 /* View */,
			);
			path = "SetUp(设置)";
			sourceTree = "<group>";
		};
		1837B6981ECED88300FF4455 /* Controller */ = {
			isa = PBXGroup;
			children = (
				1837B69F1ECEDC4C00FF4455 /* SetUpViewController.swift */,
			);
			path = Controller;
			sourceTree = "<group>";
		};
		1837B6991ECED88300FF4455 /* Model */ = {
			isa = PBXGroup;
			children = (
			);
			path = Model;
			sourceTree = "<group>";
		};
		1837B69A1ECED88300FF4455 /* View */ = {
			isa = PBXGroup;
			children = (
				1837B6A11ECEDC5500FF4455 /* SetUpView.swift */,
			);
			path = View;
			sourceTree = "<group>";
		};
		1839C85F1EADA27200E8B1FF /* Config */ = {
			isa = PBXGroup;
			children = (
				18130F321ECAD55C00A525A0 /* Tools.swift */,
			);
			path = Config;
			sourceTree = "<group>";
		};
		1839C86A1EADDD0500E8B1FF /* ThirdParty */ = {
			isa = PBXGroup;
			children = (
				1837B67E1ECEA53400FF4455 /* DCURLRouter */,
				1839C86B1EADDD0D00E8B1FF /* LLCycleScrollView */,
			);
			path = ThirdParty;
			sourceTree = "<group>";
		};
		1839C86B1EADDD0D00E8B1FF /* LLCycleScrollView */ = {
			isa = PBXGroup;
			children = (
				1839C86C1EADDD0D00E8B1FF /* LLCycleScrollView.swift */,
				1839C86D1EADDD0D00E8B1FF /* LLCycleScrollViewCell.swift */,
				1839C86E1EADDD0D00E8B1FF /* LLFilledPageControl.swift */,
				1839C86F1EADDD0D00E8B1FF /* LLPillPageControl.swift */,
				1839C8701EADDD0D00E8B1FF /* LLSnakePageControl.swift */,
				1839C8711EADDD0D00E8B1FF /* LLViewExtensions.swift */,
			);
			path = LLCycleScrollView;
			sourceTree = "<group>";
		};
		1839C87A1EADE55C00E8B1FF /* Account(账户) */ = {
			isa = PBXGroup;
			children = (
				1837B6931ECED88300FF4455 /* AloneInfo(个人信息) */,
				1837B6971ECED88300FF4455 /* SetUp(设置) */,
				1839C87B1EADE55C00E8B1FF /* Controller */,
				1839C87C1EADE55C00E8B1FF /* Model */,
				1839C87D1EADE55C00E8B1FF /* View */,
			);
			path = "Account(账户)";
			sourceTree = "<group>";
		};
		1839C87B1EADE55C00E8B1FF /* Controller */ = {
			isa = PBXGroup;
			children = (
				1839C87E1EADE58B00E8B1FF /* AccountViewController.swift */,
			);
			path = Controller;
			sourceTree = "<group>";
		};
		1839C87C1EADE55C00E8B1FF /* Model */ = {
			isa = PBXGroup;
			children = (
			);
			path = Model;
			sourceTree = "<group>";
		};
		1839C87D1EADE55C00E8B1FF /* View */ = {
			isa = PBXGroup;
			children = (
				1837B6911ECECB0E00FF4455 /* AccountView.swift */,
			);
			path = View;
			sourceTree = "<group>";
		};
		1839C8821EADFBD100E8B1FF /* json */ = {
			isa = PBXGroup;
			children = (
				18009B731EC99E840003B929 /* service */,
				1839C8831EADFBD100E8B1FF /* user */,
			);
			path = json;
			sourceTree = "<group>";
		};
		1839C8831EADFBD100E8B1FF /* user */ = {
			isa = PBXGroup;
			children = (
				1839C8841EADFBD100E8B1FF /* userList.json */,
			);
			path = user;
			sourceTree = "<group>";
		};
		18CC1FC51EA8AF7D00FC2B54 = {
			isa = PBXGroup;
			children = (
				18CC1FD01EA8AF7D00FC2B54 /* LoveCarArtisan */,
				18CC1FE51EA8AF7D00FC2B54 /* LoveCarArtisanTests */,
				18CC1FF01EA8AF7D00FC2B54 /* LoveCarArtisanUITests */,
				18CC1FCF1EA8AF7D00FC2B54 /* Products */,
				32FE9601D3FD953AD3CE292D /* Pods */,
				344C5BD16D8B6C907547DEC9 /* Frameworks */,
			);
			sourceTree = "<group>";
		};
		18CC1FCF1EA8AF7D00FC2B54 /* Products */ = {
			isa = PBXGroup;
			children = (
				18CC1FCE1EA8AF7D00FC2B54 /* LoveCarArtisan.app */,
				18CC1FE21EA8AF7D00FC2B54 /* LoveCarArtisanTests.xctest */,
				18CC1FED1EA8AF7D00FC2B54 /* LoveCarArtisanUITests.xctest */,
			);
			name = Products;
			sourceTree = "<group>";
		};
		18CC1FD01EA8AF7D00FC2B54 /* LoveCarArtisan */ = {
			isa = PBXGroup;
			children = (
				18CC20121EA8B05A00FC2B54 /* Main */,
				1839C85F1EADA27200E8B1FF /* Config */,
				18009B681EC993C90003B929 /* DataHandle */,
				1839C86A1EADDD0500E8B1FF /* ThirdParty */,
				18CC1FFF1EA8B05A00FC2B54 /* Category */,
				18CC20011EA8B05A00FC2B54 /* Class */,
				18CC20141EA8B05A00FC2B54 /* Resources */,
				18CC20161EA8B05A00FC2B54 /* Tools */,
				18CC1FDA1EA8AF7D00FC2B54 /* LaunchScreen.storyboard */,
				18CC1FDD1EA8AF7D00FC2B54 /* Info.plist */,
			);
			path = LoveCarArtisan;
			sourceTree = "<group>";
		};
		18CC1FE51EA8AF7D00FC2B54 /* LoveCarArtisanTests */ = {
			isa = PBXGroup;
			children = (
				18CC1FE61EA8AF7D00FC2B54 /* LoveCarArtisanTests.swift */,
				18CC1FE81EA8AF7D00FC2B54 /* Info.plist */,
			);
			path = LoveCarArtisanTests;
			sourceTree = "<group>";
		};
		18CC1FF01EA8AF7D00FC2B54 /* LoveCarArtisanUITests */ = {
			isa = PBXGroup;
			children = (
				18CC1FF11EA8AF7D00FC2B54 /* LoveCarArtisanUITests.swift */,
				18CC1FF31EA8AF7D00FC2B54 /* Info.plist */,
			);
			path = LoveCarArtisanUITests;
			sourceTree = "<group>";
		};
		18CC1FFF1EA8B05A00FC2B54 /* Category */ = {
			isa = PBXGroup;
			children = (
				18CC20001EA8B05A00FC2B54 /* UIColor+Extension.swift */,
			);
			path = Category;
			sourceTree = "<group>";
		};
		18CC20011EA8B05A00FC2B54 /* Class */ = {
			isa = PBXGroup;
			children = (
				180EBE951F0C7B880069854C /* Order(订单) */,
				18DF12BF1EC049DF0070302D /* Service(服务) */,
				1839C87A1EADE55C00E8B1FF /* Account(账户) */,
				18CC20021EA8B05A00FC2B54 /* Home(首页) */,
				18CC20081EA8B05A00FC2B54 /* News(消息) */,
				18CC200D1EA8B05A00FC2B54 /* User(用户) */,
			);
			path = Class;
			sourceTree = "<group>";
		};
		18CC20021EA8B05A00FC2B54 /* Home(首页) */ = {
			isa = PBXGroup;
			children = (
				18CC20031EA8B05A00FC2B54 /* Controller */,
				18CC20051EA8B05A00FC2B54 /* Model */,
				18CC20061EA8B05A00FC2B54 /* View */,
			);
			path = "Home(首页)";
			sourceTree = "<group>";
		};
		18CC20031EA8B05A00FC2B54 /* Controller */ = {
			isa = PBXGroup;
			children = (
				18CC20041EA8B05A00FC2B54 /* HomeViewController.swift */,
			);
			path = Controller;
			sourceTree = "<group>";
		};
		18CC20051EA8B05A00FC2B54 /* Model */ = {
			isa = PBXGroup;
			children = (
				18D5955D1ECE8EAA003F7853 /* ServiceModuleModel.swift */,
			);
			path = Model;
			sourceTree = "<group>";
		};
		18CC20061EA8B05A00FC2B54 /* View */ = {
			isa = PBXGroup;
			children = (
				1839C85D1EAD9C9400E8B1FF /* HomeView.swift */,
				18CC20071EA8B05A00FC2B54 /* ShowDataView.swift */,
				18C714C41EA9FE260054877F /* ModuleView.swift */,
				1839C8661EADC9B200E8B1FF /* BannerView.swift */,
				1839C8781EADDE1F00E8B1FF /* ScrollBottomView.swift */,
				18304A451ECD9A8E00B73F57 /* ServiceModuleView.swift */,
				18304A491ECD9D0F00B73F57 /* ModuleCell.swift */,
			);
			path = View;
			sourceTree = "<group>";
		};
		18CC20081EA8B05A00FC2B54 /* News(消息) */ = {
			isa = PBXGroup;
			children = (
				18CC20091EA8B05A00FC2B54 /* Controller */,
				18CC200B1EA8B05A00FC2B54 /* Model */,
				18CC200C1EA8B05A00FC2B54 /* View */,
			);
			path = "News(消息)";
			sourceTree = "<group>";
		};
		18CC20091EA8B05A00FC2B54 /* Controller */ = {
			isa = PBXGroup;
			children = (
				18CC200A1EA8B05A00FC2B54 /* NewsViewController.swift */,
			);
			path = Controller;
			sourceTree = "<group>";
		};
		18CC200B1EA8B05A00FC2B54 /* Model */ = {
			isa = PBXGroup;
			children = (
			);
			path = Model;
			sourceTree = "<group>";
		};
		18CC200C1EA8B05A00FC2B54 /* View */ = {
			isa = PBXGroup;
			children = (
				1837B6A31ECEEB8900FF4455 /* NewsCell.swift */,
			);
			path = View;
			sourceTree = "<group>";
		};
		18CC200D1EA8B05A00FC2B54 /* User(用户) */ = {
			isa = PBXGroup;
			children = (
				18CC200E1EA8B05A00FC2B54 /* Controller */,
				18DF12C31EC04AD70070302D /* Model */,
				18DF12C51EC04AD70070302D /* View */,
			);
			path = "User(用户)";
			sourceTree = "<group>";
		};
		18CC200E1EA8B05A00FC2B54 /* Controller */ = {
			isa = PBXGroup;
			children = (
				18CC200F1EA8B05A00FC2B54 /* UserViewController.swift */,
			);
			path = Controller;
			sourceTree = "<group>";
		};
		18CC20121EA8B05A00FC2B54 /* Main */ = {
			isa = PBXGroup;
			children = (
				18CC20131EA8B05A00FC2B54 /* AppDelegate.swift */,
				1837B68B1ECEBF1200FF4455 /* AppDelegate+AppLifeCircle.swift */,
				1837B68D1ECEBF4400FF4455 /* AppDelegate+AppService.swift */,
				1837B68F1ECEBF5500FF4455 /* AppDelegate+RootController.swift */,
			);
			path = Main;
			sourceTree = "<group>";
		};
		18CC20141EA8B05A00FC2B54 /* Resources */ = {
			isa = PBXGroup;
			children = (
				1839C8821EADFBD100E8B1FF /* json */,
				18CC20151EA8B05A00FC2B54 /* Assets.xcassets */,
				18CC20271EA8B26900FC2B54 /* LoveCarArtisan-Bridging-Header.h */,
			);
			path = Resources;
			sourceTree = "<group>";
		};
		18CC20161EA8B05A00FC2B54 /* Tools */ = {
			isa = PBXGroup;
			children = (
				18130F2D1ECAD01400A525A0 /* View */,
				18CC20171EA8B05A00FC2B54 /* ViewController */,
			);
			path = Tools;
			sourceTree = "<group>";
		};
		18CC20171EA8B05A00FC2B54 /* ViewController */ = {
			isa = PBXGroup;
			children = (
				18CC20181EA8B05A00FC2B54 /* NavigationViewController.swift */,
				18CC20191EA8B05A00FC2B54 /* RootViewController.swift */,
				18CC201A1EA8B05A00FC2B54 /* TabBarViewController.swift */,
			);
			path = ViewController;
			sourceTree = "<group>";
		};
		18DF12BF1EC049DF0070302D /* Service(服务) */ = {
			isa = PBXGroup;
			children = (
				18DF12C01EC049DF0070302D /* Controller */,
				18009B761EC9AD680003B929 /* Goods(商品展示) */,
			);
			path = "Service(服务)";
			sourceTree = "<group>";
		};
		18DF12C01EC049DF0070302D /* Controller */ = {
			isa = PBXGroup;
			children = (
				18DF12CB1EC04E590070302D /* ServiceViewController.swift */,
			);
			path = Controller;
			sourceTree = "<group>";
		};
		18DF12C31EC04AD70070302D /* Model */ = {
			isa = PBXGroup;
			children = (
				18DF12C41EC04AD70070302D /* UserModel.swift */,
			);
			path = Model;
			sourceTree = "<group>";
		};
		18DF12C51EC04AD70070302D /* View */ = {
			isa = PBXGroup;
			children = (
				18DF12C61EC04AD70070302D /* UserTableCell.swift */,
			);
			path = View;
			sourceTree = "<group>";
		};
		32FE9601D3FD953AD3CE292D /* Pods */ = {
			isa = PBXGroup;
			children = (
				A43CDA17E21F0F6BEF42DCB1 /* Pods-LoveCarArtisan.debug.xcconfig */,
				40D21842B8116436B8F08963 /* Pods-LoveCarArtisan.release.xcconfig */,
			);
			name = Pods;
			sourceTree = "<group>";
		};
		344C5BD16D8B6C907547DEC9 /* Frameworks */ = {
			isa = PBXGroup;
			children = (
				16907CC78DE63FD532C656B7 /* Pods_LoveCarArtisan.framework */,
			);
			name = Frameworks;
			sourceTree = "<group>";
		};
/* End PBXGroup section */

/* Begin PBXNativeTarget section */
		18CC1FCD1EA8AF7D00FC2B54 /* LoveCarArtisan */ = {
			isa = PBXNativeTarget;
			buildConfigurationList = 18CC1FF61EA8AF7D00FC2B54 /* Build configuration list for PBXNativeTarget "LoveCarArtisan" */;
			buildPhases = (
				2833AA036AA6EB1A9EA60735 /* 📦 Check Pods Manifest.lock */,
				18CC1FCA1EA8AF7D00FC2B54 /* Sources */,
				18CC1FCB1EA8AF7D00FC2B54 /* Frameworks */,
				18CC1FCC1EA8AF7D00FC2B54 /* Resources */,
				D78B930ED8E96A51F803C967 /* 📦 Embed Pods Frameworks */,
				B55D25B42F06BE6B8B4BC5C8 /* 📦 Copy Pods Resources */,
			);
			buildRules = (
			);
			dependencies = (
			);
			name = LoveCarArtisan;
			productName = LoveCarArtisan;
			productReference = 18CC1FCE1EA8AF7D00FC2B54 /* LoveCarArtisan.app */;
			productType = "com.apple.product-type.application";
		};
		18CC1FE11EA8AF7D00FC2B54 /* LoveCarArtisanTests */ = {
			isa = PBXNativeTarget;
			buildConfigurationList = 18CC1FF91EA8AF7D00FC2B54 /* Build configuration list for PBXNativeTarget "LoveCarArtisanTests" */;
			buildPhases = (
				18CC1FDE1EA8AF7D00FC2B54 /* Sources */,
				18CC1FDF1EA8AF7D00FC2B54 /* Frameworks */,
				18CC1FE01EA8AF7D00FC2B54 /* Resources */,
			);
			buildRules = (
			);
			dependencies = (
				18CC1FE41EA8AF7D00FC2B54 /* PBXTargetDependency */,
			);
			name = LoveCarArtisanTests;
			productName = LoveCarArtisanTests;
			productReference = 18CC1FE21EA8AF7D00FC2B54 /* LoveCarArtisanTests.xctest */;
			productType = "com.apple.product-type.bundle.unit-test";
		};
		18CC1FEC1EA8AF7D00FC2B54 /* LoveCarArtisanUITests */ = {
			isa = PBXNativeTarget;
			buildConfigurationList = 18CC1FFC1EA8AF7D00FC2B54 /* Build configuration list for PBXNativeTarget "LoveCarArtisanUITests" */;
			buildPhases = (
				18CC1FE91EA8AF7D00FC2B54 /* Sources */,
				18CC1FEA1EA8AF7D00FC2B54 /* Frameworks */,
				18CC1FEB1EA8AF7D00FC2B54 /* Resources */,
			);
			buildRules = (
			);
			dependencies = (
				18CC1FEF1EA8AF7D00FC2B54 /* PBXTargetDependency */,
			);
			name = LoveCarArtisanUITests;
			productName = LoveCarArtisanUITests;
			productReference = 18CC1FED1EA8AF7D00FC2B54 /* LoveCarArtisanUITests.xctest */;
			productType = "com.apple.product-type.bundle.ui-testing";
		};
/* End PBXNativeTarget section */

/* Begin PBXProject section */
		18CC1FC61EA8AF7D00FC2B54 /* Project object */ = {
			isa = PBXProject;
			attributes = {
				LastSwiftUpdateCheck = 0830;
				LastUpgradeCheck = 0830;
				ORGANIZATIONNAME = apple;
				TargetAttributes = {
					18CC1FCD1EA8AF7D00FC2B54 = {
						CreatedOnToolsVersion = 8.3;
						DevelopmentTeam = KYFLQKR234;
						LastSwiftMigration = 0830;
						ProvisioningStyle = Automatic;
					};
					18CC1FE11EA8AF7D00FC2B54 = {
						CreatedOnToolsVersion = 8.3;
						LastSwiftMigration = 0830;
						ProvisioningStyle = Automatic;
						TestTargetID = 18CC1FCD1EA8AF7D00FC2B54;
					};
					18CC1FEC1EA8AF7D00FC2B54 = {
						CreatedOnToolsVersion = 8.3;
						LastSwiftMigration = 0830;
						ProvisioningStyle = Automatic;
						TestTargetID = 18CC1FCD1EA8AF7D00FC2B54;
					};
				};
			};
			buildConfigurationList = 18CC1FC91EA8AF7D00FC2B54 /* Build configuration list for PBXProject "LoveCarArtisan" */;
			compatibilityVersion = "Xcode 3.2";
			developmentRegion = English;
			hasScannedForEncodings = 0;
			knownRegions = (
				en,
				Base,
			);
			mainGroup = 18CC1FC51EA8AF7D00FC2B54;
			productRefGroup = 18CC1FCF1EA8AF7D00FC2B54 /* Products */;
			projectDirPath = "";
			projectRoot = "";
			targets = (
				18CC1FCD1EA8AF7D00FC2B54 /* LoveCarArtisan */,
				18CC1FE11EA8AF7D00FC2B54 /* LoveCarArtisanTests */,
				18CC1FEC1EA8AF7D00FC2B54 /* LoveCarArtisanUITests */,
			);
		};
/* End PBXProject section */

/* Begin PBXResourcesBuildPhase section */
		18CC1FCC1EA8AF7D00FC2B54 /* Resources */ = {
			isa = PBXResourcesBuildPhase;
			buildActionMask = 2147483647;
			files = (
				18009B751EC99E840003B929 /* serviceClass.json in Resources */,
				1839C8851EADFBD100E8B1FF /* userList.json in Resources */,
				1837B6891ECEA53400FF4455 /* DCURLRouter.plist in Resources */,
				18CC20211EA8B05A00FC2B54 /* Assets.xcassets in Resources */,
				18D595601ECE9007003F7853 /* ServiceModule.json in Resources */,
				18CC1FDC1EA8AF7D00FC2B54 /* LaunchScreen.storyboard in Resources */,
			);
			runOnlyForDeploymentPostprocessing = 0;
		};
		18CC1FE01EA8AF7D00FC2B54 /* Resources */ = {
			isa = PBXResourcesBuildPhase;
			buildActionMask = 2147483647;
			files = (
			);
			runOnlyForDeploymentPostprocessing = 0;
		};
		18CC1FEB1EA8AF7D00FC2B54 /* Resources */ = {
			isa = PBXResourcesBuildPhase;
			buildActionMask = 2147483647;
			files = (
			);
			runOnlyForDeploymentPostprocessing = 0;
		};
/* End PBXResourcesBuildPhase section */

/* Begin PBXShellScriptBuildPhase section */
		2833AA036AA6EB1A9EA60735 /* 📦 Check Pods Manifest.lock */ = {
			isa = PBXShellScriptBuildPhase;
			buildActionMask = 2147483647;
			files = (
			);
			inputPaths = (
			);
			name = "📦 Check Pods Manifest.lock";
			outputPaths = (
			);
			runOnlyForDeploymentPostprocessing = 0;
			shellPath = /bin/sh;
			shellScript = "diff \"${PODS_ROOT}/../Podfile.lock\" \"${PODS_ROOT}/Manifest.lock\" > /dev/null\nif [[ $? != 0 ]] ; then\n    cat << EOM\nerror: The sandbox is not in sync with the Podfile.lock. Run 'pod install' or update your CocoaPods installation.\nEOM\n    exit 1\nfi\n";
			showEnvVarsInLog = 0;
		};
		B55D25B42F06BE6B8B4BC5C8 /* 📦 Copy Pods Resources */ = {
			isa = PBXShellScriptBuildPhase;
			buildActionMask = 2147483647;
			files = (
			);
			inputPaths = (
			);
			name = "📦 Copy Pods Resources";
			outputPaths = (
			);
			runOnlyForDeploymentPostprocessing = 0;
			shellPath = /bin/sh;
			shellScript = "\"${SRCROOT}/Pods/Target Support Files/Pods-LoveCarArtisan/Pods-LoveCarArtisan-resources.sh\"\n";
			showEnvVarsInLog = 0;
		};
		D78B930ED8E96A51F803C967 /* 📦 Embed Pods Frameworks */ = {
			isa = PBXShellScriptBuildPhase;
			buildActionMask = 2147483647;
			files = (
			);
			inputPaths = (
			);
			name = "📦 Embed Pods Frameworks";
			outputPaths = (
			);
			runOnlyForDeploymentPostprocessing = 0;
			shellPath = /bin/sh;
			shellScript = "\"${SRCROOT}/Pods/Target Support Files/Pods-LoveCarArtisan/Pods-LoveCarArtisan-frameworks.sh\"\n";
			showEnvVarsInLog = 0;
		};
/* End PBXShellScriptBuildPhase section */

/* Begin PBXSourcesBuildPhase section */
		18CC1FCA1EA8AF7D00FC2B54 /* Sources */ = {
			isa = PBXSourcesBuildPhase;
			buildActionMask = 2147483647;
			files = (
				1839C8671EADC9B200E8B1FF /* BannerView.swift in Sources */,
				1839C8761EADDD0D00E8B1FF /* LLSnakePageControl.swift in Sources */,
				1839C8751EADDD0D00E8B1FF /* LLPillPageControl.swift in Sources */,
				18CC20201EA8B05A00FC2B54 /* AppDelegate.swift in Sources */,
				18CC201B1EA8B05A00FC2B54 /* UIColor+Extension.swift in Sources */,
				18CC201F1EA8B05A00FC2B54 /* UserViewController.swift in Sources */,
				18CC201C1EA8B05A00FC2B54 /* HomeViewController.swift in Sources */,
				1837B6881ECEA53400FF4455 /* DCURLRouter.m in Sources */,
				1839C8791EADDE1F00E8B1FF /* ScrollBottomView.swift in Sources */,
				18CC20241EA8B05A00FC2B54 /* TabBarViewController.swift in Sources */,
				1837B6A41ECEEB8900FF4455 /* NewsCell.swift in Sources */,
				1839C8771EADDD0D00E8B1FF /* LLViewExtensions.swift in Sources */,
				18DF12C71EC04AD70070302D /* UserModel.swift in Sources */,
				1839C87F1EADE58B00E8B1FF /* AccountViewController.swift in Sources */,
				18CC201D1EA8B05A00FC2B54 /* ShowDataView.swift in Sources */,
				1837B6A21ECEDC5500FF4455 /* SetUpView.swift in Sources */,
				1839C8731EADDD0D00E8B1FF /* LLCycleScrollViewCell.swift in Sources */,
				18CC20221EA8B05A00FC2B54 /* NavigationViewController.swift in Sources */,
				1837B6901ECEBF5500FF4455 /* AppDelegate+RootController.swift in Sources */,
				18CC20231EA8B05A00FC2B54 /* RootViewController.swift in Sources */,
				1837B69C1ECED8A400FF4455 /* AloneInfoViewController.swift in Sources */,
				18304A4A1ECD9D0F00B73F57 /* ModuleCell.swift in Sources */,
				1837B68A1ECEA53400FF4455 /* UIViewController+DCURLRouter.m in Sources */,
				1839C85E1EAD9C9400E8B1FF /* HomeView.swift in Sources */,
				1837B68E1ECEBF4400FF4455 /* AppDelegate+AppService.swift in Sources */,
				1837B68C1ECEBF1200FF4455 /* AppDelegate+AppLifeCircle.swift in Sources */,
				180EBE9D1F0C8D650069854C /* OrderViewController.swift in Sources */,
				18DF12C81EC04AD70070302D /* UserTableCell.swift in Sources */,
				1837B6921ECECB0E00FF4455 /* AccountView.swift in Sources */,
				1837B69E1ECED8B000FF4455 /* AloneInfoView.swift in Sources */,
				18130F2C1ECACCF300A525A0 /* GoodsCell.swift in Sources */,
				18009B7B1EC9AD680003B929 /* ServiceClassModel.swift in Sources */,
				180EBEA11F0C98190069854C /* OrderCell.swift in Sources */,
				18130F311ECAD04400A525A0 /* CustomCell.swift in Sources */,
				1837B6A01ECEDC4C00FF4455 /* SetUpViewController.swift in Sources */,
				18CC201E1EA8B05A00FC2B54 /* NewsViewController.swift in Sources */,
				18009B721EC9944A0003B929 /* ServiceClassHandle.swift in Sources */,
				18009B7D1EC9AD830003B929 /* GoodsViewController.swift in Sources */,
				1837B6871ECEA53400FF4455 /* DCURLNavgation.m in Sources */,
				18130F331ECAD55C00A525A0 /* Tools.swift in Sources */,
				18C714C51EA9FE260054877F /* ModuleView.swift in Sources */,
				18D5955E1ECE8EAB003F7853 /* ServiceModuleModel.swift in Sources */,
				18304A461ECD9A8E00B73F57 /* ServiceModuleView.swift in Sources */,
				1839C8721EADDD0D00E8B1FF /* LLCycleScrollView.swift in Sources */,
				18DF12CC1EC04E590070302D /* ServiceViewController.swift in Sources */,
				1839C8741EADDD0D00E8B1FF /* LLFilledPageControl.swift in Sources */,
			);
			runOnlyForDeploymentPostprocessing = 0;
		};
		18CC1FDE1EA8AF7D00FC2B54 /* Sources */ = {
			isa = PBXSourcesBuildPhase;
			buildActionMask = 2147483647;
			files = (
				18CC1FE71EA8AF7D00FC2B54 /* LoveCarArtisanTests.swift in Sources */,
			);
			runOnlyForDeploymentPostprocessing = 0;
		};
		18CC1FE91EA8AF7D00FC2B54 /* Sources */ = {
			isa = PBXSourcesBuildPhase;
			buildActionMask = 2147483647;
			files = (
				18CC1FF21EA8AF7D00FC2B54 /* LoveCarArtisanUITests.swift in Sources */,
			);
			runOnlyForDeploymentPostprocessing = 0;
		};
/* End PBXSourcesBuildPhase section */

/* Begin PBXTargetDependency section */
		18CC1FE41EA8AF7D00FC2B54 /* PBXTargetDependency */ = {
			isa = PBXTargetDependency;
			target = 18CC1FCD1EA8AF7D00FC2B54 /* LoveCarArtisan */;
			targetProxy = 18CC1FE31EA8AF7D00FC2B54 /* PBXContainerItemProxy */;
		};
		18CC1FEF1EA8AF7D00FC2B54 /* PBXTargetDependency */ = {
			isa = PBXTargetDependency;
			target = 18CC1FCD1EA8AF7D00FC2B54 /* LoveCarArtisan */;
			targetProxy = 18CC1FEE1EA8AF7D00FC2B54 /* PBXContainerItemProxy */;
		};
/* End PBXTargetDependency section */

/* Begin PBXVariantGroup section */
		18CC1FDA1EA8AF7D00FC2B54 /* LaunchScreen.storyboard */ = {
			isa = PBXVariantGroup;
			children = (
				18CC1FDB1EA8AF7D00FC2B54 /* Base */,
			);
			name = LaunchScreen.storyboard;
			sourceTree = "<group>";
		};
/* End PBXVariantGroup section */

/* Begin XCBuildConfiguration section */
		18CC1FF41EA8AF7D00FC2B54 /* Debug */ = {
			isa = XCBuildConfiguration;
			buildSettings = {
				ALWAYS_SEARCH_USER_PATHS = NO;
				CLANG_ANALYZER_NONNULL = YES;
				CLANG_ANALYZER_NUMBER_OBJECT_CONVERSION = YES_AGGRESSIVE;
				CLANG_CXX_LANGUAGE_STANDARD = "gnu++0x";
				CLANG_CXX_LIBRARY = "libc++";
				CLANG_ENABLE_MODULES = YES;
				CLANG_ENABLE_OBJC_ARC = YES;
				CLANG_WARN_BOOL_CONVERSION = YES;
				CLANG_WARN_CONSTANT_CONVERSION = YES;
				CLANG_WARN_DIRECT_OBJC_ISA_USAGE = YES_ERROR;
				CLANG_WARN_DOCUMENTATION_COMMENTS = YES;
				CLANG_WARN_EMPTY_BODY = YES;
				CLANG_WARN_ENUM_CONVERSION = YES;
				CLANG_WARN_INFINITE_RECURSION = YES;
				CLANG_WARN_INT_CONVERSION = YES;
				CLANG_WARN_OBJC_ROOT_CLASS = YES_ERROR;
				CLANG_WARN_SUSPICIOUS_MOVE = YES;
				CLANG_WARN_UNREACHABLE_CODE = YES;
				CLANG_WARN__DUPLICATE_METHOD_MATCH = YES;
				"CODE_SIGN_IDENTITY[sdk=iphoneos*]" = "iPhone Developer";
				COPY_PHASE_STRIP = NO;
				DEBUG_INFORMATION_FORMAT = dwarf;
				ENABLE_STRICT_OBJC_MSGSEND = YES;
				ENABLE_TESTABILITY = YES;
				GCC_C_LANGUAGE_STANDARD = gnu99;
				GCC_DYNAMIC_NO_PIC = NO;
				GCC_NO_COMMON_BLOCKS = YES;
				GCC_OPTIMIZATION_LEVEL = 0;
				GCC_PREPROCESSOR_DEFINITIONS = (
					"DEBUG=1",
					"$(inherited)",
				);
				GCC_WARN_64_TO_32_BIT_CONVERSION = YES;
				GCC_WARN_ABOUT_RETURN_TYPE = YES_ERROR;
				GCC_WARN_UNDECLARED_SELECTOR = YES;
				GCC_WARN_UNINITIALIZED_AUTOS = YES_AGGRESSIVE;
				GCC_WARN_UNUSED_FUNCTION = YES;
				GCC_WARN_UNUSED_VARIABLE = YES;
				IPHONEOS_DEPLOYMENT_TARGET = 10.3;
				MTL_ENABLE_DEBUG_INFO = YES;
				ONLY_ACTIVE_ARCH = YES;
				SDKROOT = iphoneos;
				SWIFT_ACTIVE_COMPILATION_CONDITIONS = DEBUG;
				SWIFT_OPTIMIZATION_LEVEL = "-Onone";
				TARGETED_DEVICE_FAMILY = "1,2";
			};
			name = Debug;
		};
		18CC1FF51EA8AF7D00FC2B54 /* Release */ = {
			isa = XCBuildConfiguration;
			buildSettings = {
				ALWAYS_SEARCH_USER_PATHS = NO;
				CLANG_ANALYZER_NONNULL = YES;
				CLANG_ANALYZER_NUMBER_OBJECT_CONVERSION = YES_AGGRESSIVE;
				CLANG_CXX_LANGUAGE_STANDARD = "gnu++0x";
				CLANG_CXX_LIBRARY = "libc++";
				CLANG_ENABLE_MODULES = YES;
				CLANG_ENABLE_OBJC_ARC = YES;
				CLANG_WARN_BOOL_CONVERSION = YES;
				CLANG_WARN_CONSTANT_CONVERSION = YES;
				CLANG_WARN_DIRECT_OBJC_ISA_USAGE = YES_ERROR;
				CLANG_WARN_DOCUMENTATION_COMMENTS = YES;
				CLANG_WARN_EMPTY_BODY = YES;
				CLANG_WARN_ENUM_CONVERSION = YES;
				CLANG_WARN_INFINITE_RECURSION = YES;
				CLANG_WARN_INT_CONVERSION = YES;
				CLANG_WARN_OBJC_ROOT_CLASS = YES_ERROR;
				CLANG_WARN_SUSPICIOUS_MOVE = YES;
				CLANG_WARN_UNREACHABLE_CODE = YES;
				CLANG_WARN__DUPLICATE_METHOD_MATCH = YES;
				"CODE_SIGN_IDENTITY[sdk=iphoneos*]" = "iPhone Developer";
				COPY_PHASE_STRIP = NO;
				DEBUG_INFORMATION_FORMAT = "dwarf-with-dsym";
				ENABLE_NS_ASSERTIONS = NO;
				ENABLE_STRICT_OBJC_MSGSEND = YES;
				GCC_C_LANGUAGE_STANDARD = gnu99;
				GCC_NO_COMMON_BLOCKS = YES;
				GCC_WARN_64_TO_32_BIT_CONVERSION = YES;
				GCC_WARN_ABOUT_RETURN_TYPE = YES_ERROR;
				GCC_WARN_UNDECLARED_SELECTOR = YES;
				GCC_WARN_UNINITIALIZED_AUTOS = YES_AGGRESSIVE;
				GCC_WARN_UNUSED_FUNCTION = YES;
				GCC_WARN_UNUSED_VARIABLE = YES;
				IPHONEOS_DEPLOYMENT_TARGET = 10.3;
				MTL_ENABLE_DEBUG_INFO = NO;
				SDKROOT = iphoneos;
				SWIFT_OPTIMIZATION_LEVEL = "-Owholemodule";
				TARGETED_DEVICE_FAMILY = "1,2";
				VALIDATE_PRODUCT = YES;
			};
			name = Release;
		};
		18CC1FF71EA8AF7D00FC2B54 /* Debug */ = {
			isa = XCBuildConfiguration;
			baseConfigurationReference = A43CDA17E21F0F6BEF42DCB1 /* Pods-LoveCarArtisan.debug.xcconfig */;
			buildSettings = {
				ALWAYS_EMBED_SWIFT_STANDARD_LIBRARIES = YES;
				ASSETCATALOG_COMPILER_APPICON_NAME = AppIcon;
				CLANG_ENABLE_MODULES = YES;
				DEVELOPMENT_TEAM = KYFLQKR234;
				INFOPLIST_FILE = LoveCarArtisan/Info.plist;
				IPHONEOS_DEPLOYMENT_TARGET = 9.0;
				LD_RUNPATH_SEARCH_PATHS = "$(inherited) @executable_path/Frameworks";
				PRODUCT_BUNDLE_IDENTIFIER = com.cheweifang.LoveCarArtisan;
				PRODUCT_NAME = "$(TARGET_NAME)";
				SWIFT_OBJC_BRIDGING_HEADER = "LoveCarArtisan/Resources/LoveCarArtisan-Bridging-Header.h";
				SWIFT_OPTIMIZATION_LEVEL = "-Onone";
				SWIFT_VERSION = 3.0;
				USER_HEADER_SEARCH_PATHS = "$(PODS_ROOT)/**";
			};
			name = Debug;
		};
		18CC1FF81EA8AF7D00FC2B54 /* Release */ = {
			isa = XCBuildConfiguration;
			baseConfigurationReference = 40D21842B8116436B8F08963 /* Pods-LoveCarArtisan.release.xcconfig */;
			buildSettings = {
				ALWAYS_EMBED_SWIFT_STANDARD_LIBRARIES = YES;
				ASSETCATALOG_COMPILER_APPICON_NAME = AppIcon;
				CLANG_ENABLE_MODULES = YES;
				DEVELOPMENT_TEAM = KYFLQKR234;
				INFOPLIST_FILE = LoveCarArtisan/Info.plist;
				IPHONEOS_DEPLOYMENT_TARGET = 9.0;
				LD_RUNPATH_SEARCH_PATHS = "$(inherited) @executable_path/Frameworks";
				PRODUCT_BUNDLE_IDENTIFIER = com.cheweifang.LoveCarArtisan;
				PRODUCT_NAME = "$(TARGET_NAME)";
				SWIFT_OBJC_BRIDGING_HEADER = "LoveCarArtisan/Resources/LoveCarArtisan-Bridging-Header.h";
				SWIFT_VERSION = 3.0;
				USER_HEADER_SEARCH_PATHS = "$(PODS_ROOT)/**";
			};
			name = Release;
		};
		18CC1FFA1EA8AF7D00FC2B54 /* Debug */ = {
			isa = XCBuildConfiguration;
			buildSettings = {
				ALWAYS_EMBED_SWIFT_STANDARD_LIBRARIES = YES;
				BUNDLE_LOADER = "$(TEST_HOST)";
				INFOPLIST_FILE = LoveCarArtisanTests/Info.plist;
				LD_RUNPATH_SEARCH_PATHS = "$(inherited) @executable_path/Frameworks @loader_path/Frameworks";
				PRODUCT_BUNDLE_IDENTIFIER = com.cheweifang.LoveCarArtisanTests;
				PRODUCT_NAME = "$(TARGET_NAME)";
				SWIFT_VERSION = 3.0;
				TEST_HOST = "$(BUILT_PRODUCTS_DIR)/LoveCarArtisan.app/LoveCarArtisan";
			};
			name = Debug;
		};
		18CC1FFB1EA8AF7D00FC2B54 /* Release */ = {
			isa = XCBuildConfiguration;
			buildSettings = {
				ALWAYS_EMBED_SWIFT_STANDARD_LIBRARIES = YES;
				BUNDLE_LOADER = "$(TEST_HOST)";
				INFOPLIST_FILE = LoveCarArtisanTests/Info.plist;
				LD_RUNPATH_SEARCH_PATHS = "$(inherited) @executable_path/Frameworks @loader_path/Frameworks";
				PRODUCT_BUNDLE_IDENTIFIER = com.cheweifang.LoveCarArtisanTests;
				PRODUCT_NAME = "$(TARGET_NAME)";
				SWIFT_VERSION = 3.0;
				TEST_HOST = "$(BUILT_PRODUCTS_DIR)/LoveCarArtisan.app/LoveCarArtisan";
			};
			name = Release;
		};
		18CC1FFD1EA8AF7D00FC2B54 /* Debug */ = {
			isa = XCBuildConfiguration;
			buildSettings = {
				ALWAYS_EMBED_SWIFT_STANDARD_LIBRARIES = YES;
				INFOPLIST_FILE = LoveCarArtisanUITests/Info.plist;
				LD_RUNPATH_SEARCH_PATHS = "$(inherited) @executable_path/Frameworks @loader_path/Frameworks";
				PRODUCT_BUNDLE_IDENTIFIER = com.cheweifang.LoveCarArtisanUITests;
				PRODUCT_NAME = "$(TARGET_NAME)";
				SWIFT_VERSION = 3.0;
				TEST_TARGET_NAME = LoveCarArtisan;
			};
			name = Debug;
		};
		18CC1FFE1EA8AF7D00FC2B54 /* Release */ = {
			isa = XCBuildConfiguration;
			buildSettings = {
				ALWAYS_EMBED_SWIFT_STANDARD_LIBRARIES = YES;
				INFOPLIST_FILE = LoveCarArtisanUITests/Info.plist;
				LD_RUNPATH_SEARCH_PATHS = "$(inherited) @executable_path/Frameworks @loader_path/Frameworks";
				PRODUCT_BUNDLE_IDENTIFIER = com.cheweifang.LoveCarArtisanUITests;
				PRODUCT_NAME = "$(TARGET_NAME)";
				SWIFT_VERSION = 3.0;
				TEST_TARGET_NAME = LoveCarArtisan;
			};
			name = Release;
		};
/* End XCBuildConfiguration section */

/* Begin XCConfigurationList section */
		18CC1FC91EA8AF7D00FC2B54 /* Build configuration list for PBXProject "LoveCarArtisan" */ = {
			isa = XCConfigurationList;
			buildConfigurations = (
				18CC1FF41EA8AF7D00FC2B54 /* Debug */,
				18CC1FF51EA8AF7D00FC2B54 /* Release */,
			);
			defaultConfigurationIsVisible = 0;
			defaultConfigurationName = Release;
		};
		18CC1FF61EA8AF7D00FC2B54 /* Build configuration list for PBXNativeTarget "LoveCarArtisan" */ = {
			isa = XCConfigurationList;
			buildConfigurations = (
				18CC1FF71EA8AF7D00FC2B54 /* Debug */,
				18CC1FF81EA8AF7D00FC2B54 /* Release */,
			);
			defaultConfigurationIsVisible = 0;
			defaultConfigurationName = Release;
		};
		18CC1FF91EA8AF7D00FC2B54 /* Build configuration list for PBXNativeTarget "LoveCarArtisanTests" */ = {
			isa = XCConfigurationList;
			buildConfigurations = (
				18CC1FFA1EA8AF7D00FC2B54 /* Debug */,
				18CC1FFB1EA8AF7D00FC2B54 /* Release */,
			);
			defaultConfigurationIsVisible = 0;
			defaultConfigurationName = Release;
		};
		18CC1FFC1EA8AF7D00FC2B54 /* Build configuration list for PBXNativeTarget "LoveCarArtisanUITests" */ = {
			isa = XCConfigurationList;
			buildConfigurations = (
				18CC1FFD1EA8AF7D00FC2B54 /* Debug */,
				18CC1FFE1EA8AF7D00FC2B54 /* Release */,
			);
			defaultConfigurationIsVisible = 0;
			defaultConfigurationName = Release;
		};
/* End XCConfigurationList section */
	};
	rootObject = 18CC1FC61EA8AF7D00FC2B54 /* Project object */;
}
